// !$*UTF8*$!
{
	archiveVersion = 1;
	classes = {
	};
	objectVersion = 46;
	objects = {

/* Begin PBXBuildFile section */
		DBA1BD431D75EA6700F5640D /* main.m in Sources */ = {isa = PBXBuildFile; fileRef = DBA1BD421D75EA6700F5640D /* main.m */; };
		DBA1BD461D75EA6700F5640D /* AppDelegate.m in Sources */ = {isa = PBXBuildFile; fileRef = DBA1BD451D75EA6700F5640D /* AppDelegate.m */; };
		DBA1BD491D75EA6700F5640D /* ViewController.m in Sources */ = {isa = PBXBuildFile; fileRef = DBA1BD481D75EA6700F5640D /* ViewController.m */; };
		DBA1BD4C1D75EA6700F5640D /* Main.storyboard in Resources */ = {isa = PBXBuildFile; fileRef = DBA1BD4A1D75EA6700F5640D /* Main.storyboard */; };
		DBA1BD4E1D75EA6700F5640D /* Assets.xcassets in Resources */ = {isa = PBXBuildFile; fileRef = DBA1BD4D1D75EA6700F5640D /* Assets.xcassets */; };
		DBA1BD511D75EA6700F5640D /* LaunchScreen.storyboard in Resources */ = {isa = PBXBuildFile; fileRef = DBA1BD4F1D75EA6700F5640D /* LaunchScreen.storyboard */; };
/* End PBXBuildFile section */

/* Begin PBXFileReference section */
		DBA1BD3E1D75EA6700F5640D /* Push.app */ = {isa = PBXFileReference; explicitFileType = wrapper.application; includeInIndex = 0; path = Push.app; sourceTree = BUILT_PRODUCTS_DIR; };
		DBA1BD421D75EA6700F5640D /* main.m */ = {isa = PBXFileReference; lastKnownFileType = sourcecode.c.objc; path = main.m; sourceTree = "<group>"; };
		DBA1BD441D75EA6700F5640D /* AppDelegate.h */ = {isa = PBXFileReference; lastKnownFileType = sourcecode.c.h; path = AppDelegate.h; sourceTree = "<group>"; };
		DBA1BD451D75EA6700F5640D /* AppDelegate.m */ = {isa = PBXFileReference; lastKnownFileType = sourcecode.c.objc; path = AppDelegate.m; sourceTree = "<group>"; };
		DBA1BD471D75EA6700F5640D /* ViewController.h */ = {isa = PBXFileReference; lastKnownFileType = sourcecode.c.h; path = ViewController.h; sourceTree = "<group>"; };
		DBA1BD481D75EA6700F5640D /* ViewController.m */ = {isa = PBXFileReference; lastKnownFileType = sourcecode.c.objc; path = ViewController.m; sourceTree = "<group>"; };
		DBA1BD4B1D75EA6700F5640D /* Base */ = {isa = PBXFileReference; lastKnownFileType = file.storyboard; name = Base; path = Base.lproj/Main.storyboard; sourceTree = "<group>"; };
		DBA1BD4D1D75EA6700F5640D /* Assets.xcassets */ = {isa = PBXFileReference; lastKnownFileType = folder.assetcatalog; path = Assets.xcassets; sourceTree = "<group>"; };
		DBA1BD501D75EA6700F5640D /* Base */ = {isa = PBXFileReference; lastKnownFileType = file.storyboard; name = Base; path = Base.lproj/LaunchScreen.storyboard; sourceTree = "<group>"; };
		DBA1BD521D75EA6700F5640D /* Info.plist */ = {isa = PBXFileReference; lastKnownFileType = text.plist.xml; path = Info.plist; sourceTree = "<group>"; };
/* End PBXFileReference section */

/* Begin PBXFrameworksBuildPhase section */
		DBA1BD3B1D75EA6700F5640D /* Frameworks */ = {
			isa = PBXFrameworksBuildPhase;
			buildActionMask = 2147483647;
			files = (
			);
			runOnlyForDeploymentPostprocessing = 0;
		};
/* End PBXFrameworksBuildPhase section */

/* Begin PBXGroup section */
		DBA1BD351D75EA6700F5640D = {
			isa = PBXGroup;
			children = (
				DBA1BD401D75EA6700F5640D /* Push */,
				DBA1BD3F1D75EA6700F5640D /* Products */,
			);
			sourceTree = "<group>";
		};
		DBA1BD3F1D75EA6700F5640D /* Products */ = {
			isa = PBXGroup;
			children = (
				DBA1BD3E1D75EA6700F5640D /* Push.app */,
			);
			name = Products;
			sourceTree = "<group>";
		};
		DBA1BD401D75EA6700F5640D /* Push */ = {
			isa = PBXGroup;
			children = (
				DBA1BD441D75EA6700F5640D /* AppDelegate.h */,
				DBA1BD451D75EA6700F5640D /* AppDelegate.m */,
				DBA1BD471D75EA6700F5640D /* ViewController.h */,
				DBA1BD481D75EA6700F5640D /* ViewController.m */,
				DBA1BD4A1D75EA6700F5640D /* Main.storyboard */,
				DBA1BD4D1D75EA6700F5640D /* Assets.xcassets */,
				DBA1BD4F1D75EA6700F5640D /* LaunchScreen.storyboard */,
				DBA1BD521D75EA6700F5640D /* Info.plist */,
				DBA1BD411D75EA6700F5640D /* Supporting Files */,
			);
			path = Push;
			sourceTree = "<group>";
		};
		DBA1BD411D75EA6700F5640D /* Supporting Files */ = {
			isa = PBXGroup;
			children = (
				DBA1BD421D75EA6700F5640D /* main.m */,
			);
			name = "Supporting Files";
			sourceTree = "<group>";
		};
/* End PBXGroup section */

/* Begin PBXNativeTarget section */
		DBA1BD3D1D75EA6700F5640D /* Push */ = {
			isa = PBXNativeTarget;
			buildConfigurationList = DBA1BD551D75EA6700F5640D /* Build configuration list for PBXNativeTarget "Push" */;
			buildPhases = (
				DBA1BD3A1D75EA6700F5640D /* Sources */,
				DBA1BD3B1D75EA6700F5640D /* Frameworks */,
				DBA1BD3C1D75EA6700F5640D /* Resources */,
			);
			buildRules = (
			);
			dependencies = (
			);
			name = Push;
			productName = Push;
			productReference = DBA1BD3E1D75EA6700F5640D /* Push.app */;
			productType = "com.apple.product-type.application";
		};
/* End PBXNativeTarget section */

/* Begin PBXProject section */
		DBA1BD361D75EA6700F5640D /* Project object */ = {
			isa = PBXProject;
			attributes = {
				LastUpgradeCheck = 0800;
				ORGANIZATIONNAME = CJ;
				TargetAttributes = {
					DBA1BD3D1D75EA6700F5640D = {
						CreatedOnToolsVersion = 8.0;
						DevelopmentTeam = 3CW8X9NUYB;
						ProvisioningStyle = Automatic;
					};
				};
			};
			buildConfigurationList = DBA1BD391D75EA6700F5640D /* Build configuration list for PBXProject "Push" */;
			compatibilityVersion = "Xcode 3.2";
			developmentRegion = English;
			hasScannedForEncodings = 0;
			knownRegions = (
				en,
				Base,
			);
			mainGroup = DBA1BD351D75EA6700F5640D;
			productRefGroup = DBA1BD3F1D75EA6700F5640D /* Products */;
			projectDirPath = "";
			projectRoot = "";
			targets = (
				DBA1BD3D1D75EA6700F5640D /* Push */,
			);
		};
/* End PBXProject section */

/* Begin PBXResourcesBuildPhase section */
		DBA1BD3C1D75EA6700F5640D /* Resources */ = {
			isa = PBXResourcesBuildPhase;
			buildActionMask = 2147483647;
			files = (
				DBA1BD511D75EA6700F5640D /* LaunchScreen.storyboard in Resources */,
				DBA1BD4E1D75EA6700F5640D /* Assets.xcassets in Resources */,
				DBA1BD4C1D75EA6700F5640D /* Main.storyboard in Resources */,
			);
			runOnlyForDeploymentPostprocessing = 0;
		};
/* End PBXResourcesBuildPhase section */

/* Begin PBXSourcesBuildPhase section */
		DBA1BD3A1D75EA6700F5640D /* Sources */ = {
			isa = PBXSourcesBuildPhase;
			buildActionMask = 2147483647;
			files = (
				DBA1BD491D75EA6700F5640D /* ViewController.m in Sources */,
				DBA1BD461D75EA6700F5640D /* AppDelegate.m in Sources */,
				DBA1BD431D75EA6700F5640D /* main.m in Sources */,
			);
			runOnlyForDeploymentPostprocessing = 0;
		};
/* End PBXSourcesBuildPhase section */

/* Begin PBXVariantGroup section */
		DBA1BD4A1D75EA6700F5640D /* Main.storyboard */ = {
			isa = PBXVariantGroup;
			children = (
				DBA1BD4B1D75EA6700F5640D /* Base */,
			);
			name = Main.storyboard;
			sourceTree = "<group>";
		};
		DBA1BD4F1D75EA6700F5640D /* LaunchScreen.storyboard */ = {
			isa = PBXVariantGroup;
			children = (
				DBA1BD501D75EA6700F5640D /* Base */,
			);
			name = LaunchScreen.storyboard;
			sourceTree = "<group>";
		};
/* End PBXVariantGroup section */

/* Begin XCBuildConfiguration section */
		DBA1BD531D75EA6700F5640D /* Debug */ = {
			isa = XCBuildConfiguration;
			buildSettings = {
				ALWAYS_SEARCH_USER_PATHS = NO;
				CLANG_ANALYZER_NONNULL = YES;
				CLANG_CXX_LANGUAGE_STANDARD = "gnu++0x";
				CLANG_CXX_LIBRARY = "libc++";
				CLANG_ENABLE_MODULES = YES;
				CLANG_ENABLE_OBJC_ARC = YES;
				CLANG_WARN_BOOL_CONVERSION = YES;
				CLANG_WARN_CONSTANT_CONVERSION = YES;
				CLANG_WARN_DIRECT_OBJC_ISA_USAGE = YES_ERROR;
				CLANG_WARN_DOCUMENTATION_COMMENTS = YES;
				CLANG_WARN_EMPTY_BODY = YES;
				CLANG_WARN_ENUM_CONVERSION = YES;
				CLANG_WARN_INFINITE_RECURSION = YES;
				CLANG_WARN_INT_CONVERSION = YES;
				CLANG_WARN_OBJC_ROOT_CLASS = YES_ERROR;
				CLANG_WARN_SUSPICIOUS_MOVES = YES;
				CLANG_WARN_UNREACHABLE_CODE = YES;
				CLANG_WARN__DUPLICATE_METHOD_MATCH = YES;
				"CODE_SIGN_IDENTITY[sdk=iphoneos*]" = "iPhone Developer";
				COPY_PHASE_STRIP = NO;
				DEBUG_INFORMATION_FORMAT = dwarf;
				ENABLE_STRICT_OBJC_MSGSEND = YES;
				ENABLE_TESTABILITY = YES;
				GCC_C_LANGUAGE_STANDARD = gnu99;
				GCC_DYNAMIC_NO_PIC = NO;
				GCC_NO_COMMON_BLOCKS = YES;
				GCC_OPTIMIZATION_LEVEL = 0;
				GCC_PREPROCESSOR_DEFINITIONS = (
					"DEBUG=1",
					"$(inherited)",
				);
				GCC_WARN_64_TO_32_BIT_CONVERSION = YES;
				GCC_WARN_ABOUT_RETURN_TYPE = YES_ERROR;
				GCC_WARN_UNDECLARED_SELECTOR = YES;
				GCC_WARN_UNINITIALIZED_AUTOS = YES_AGGRESSIVE;
				GCC_WARN_UNUSED_FUNCTION = YES;
				GCC_WARN_UNUSED_VARIABLE = YES;
				IPHONEOS_DEPLOYMENT_TARGET = 10.0;
				MTL_ENABLE_DEBUG_INFO = YES;
				ONLY_ACTIVE_ARCH = YES;
				SDKROOT = iphoneos;
			};
			name = Debug;
		};
		DBA1BD541D75EA6700F5640D /* Release */ = {
			isa = XCBuildConfiguration;
			buildSettings = {
				ALWAYS_SEARCH_USER_PATHS = NO;
				CLANG_ANALYZER_NONNULL = YES;
				CLANG_CXX_LANGUAGE_STANDARD = "gnu++0x";
				CLANG_CXX_LIBRARY = "libc++";
				CLANG_ENABLE_MODULES = YES;
				CLANG_ENABLE_OBJC_ARC = YES;
				CLANG_WARN_BOOL_CONVERSION = YES;
				CLANG_WARN_CONSTANT_CONVERSION = YES;
				CLANG_WARN_DIRECT_OBJC_ISA_USAGE = YES_ERROR;
				CLANG_WARN_DOCUMENTATION_COMMENTS = YES;
				CLANG_WARN_EMPTY_BODY = YES;
				CLANG_WARN_ENUM_CONVERSION = YES;
				CLANG_WARN_INFINITE_RECURSION = YES;
				CLANG_WARN_INT_CONVERSION = YES;
				CLANG_WARN_OBJC_ROOT_CLASS = YES_ERROR;
				CLANG_WARN_SUSPICIOUS_MOVES = YES;
				CLANG_WARN_UNREACHABLE_CODE = YES;
				CLANG_WARN__DUPLICATE_METHOD_MATCH = YES;
				"CODE_SIGN_IDENTITY[sdk=iphoneos*]" = "iPhone Developer";
				COPY_PHASE_STRIP = NO;
				DEBUG_INFORMATION_FORMAT = "dwarf-with-dsym";
				ENABLE_NS_ASSERTIONS = NO;
				ENABLE_STRICT_OBJC_MSGSEND = YES;
				GCC_C_LANGUAGE_STANDARD = gnu99;
				GCC_NO_COMMON_BLOCKS = YES;
				GCC_WARN_64_TO_32_BIT_CONVERSION = YES;
				GCC_WARN_ABOUT_RETURN_TYPE = YES_ERROR;
				GCC_WARN_UNDECLARED_SELECTOR = YES;
				GCC_WARN_UNINITIALIZED_AUTOS = YES_AGGRESSIVE;
				GCC_WARN_UNUSED_FUNCTION = YES;
				GCC_WARN_UNUSED_VARIABLE = YES;
				IPHONEOS_DEPLOYMENT_TARGET = 10.0;
				MTL_ENABLE_DEBUG_INFO = NO;
				SDKROOT = iphoneos;
				VALIDATE_PRODUCT = YES;
			};
			name = Release;
		};
		DBA1BD561D75EA6700F5640D /* Debug */ = {
			isa = XCBuildConfiguration;
			buildSettings = {
				ASSETCATALOG_COMPILER_APPICON_NAME = AppIcon;
				DEVELOPMENT_TEAM = 3CW8X9NUYB;
				INFOPLIST_FILE = Push/Info.plist;
				LD_RUNPATH_SEARCH_PATHS = "$(inherited) @executable_path/Frameworks";
				PRODUCT_BUNDLE_IDENTIFIER = cj.Push;
				PRODUCT_NAME = "$(TARGET_NAME)";
			};
			name = Debug;
		};
		DBA1BD571D75EA6700F5640D /* Release */ = {
			isa = XCBuildConfiguration;
			buildSettings = {
				ASSETCATALOG_COMPILER_APPICON_NAME = AppIcon;
				DEVELOPMENT_TEAM = 3CW8X9NUYB;
				INFOPLIST_FILE = Push/Info.plist;
				LD_RUNPATH_SEARCH_PATHS = "$(inherited) @executable_path/Frameworks";
				PRODUCT_BUNDLE_IDENTIFIER = cj.Push;
				PRODUCT_NAME = "$(TARGET_NAME)";
			};
			name = Release;
		};
/* End XCBuildConfiguration section */

/* Begin XCConfigurationList section */
		DBA1BD391D75EA6700F5640D /* Build configuration list for PBXProject "Push" */ = {
			isa = XCConfigurationList;
			buildConfigurations = (
				DBA1BD531D75EA6700F5640D /* Debug */,
				DBA1BD541D75EA6700F5640D /* Release */,
			);
			defaultConfigurationIsVisible = 0;
			defaultConfigurationName = Release;
		};
		DBA1BD551D75EA6700F5640D /* Build configuration list for PBXNativeTarget "Push" */ = {
			isa = XCConfigurationList;
			buildConfigurations = (
				DBA1BD561D75EA6700F5640D /* Debug */,
				DBA1BD571D75EA6700F5640D /* Release */,
			);
			defaultConfigurationIsVisible = 0;
		};
/* End XCConfigurationList section */
	};
	rootObject = DBA1BD361D75EA6700F5640D /* Project object */;
}
